
Microsoft Visual Studio Solution File, Format Version 12.00
# Visual Studio Version 17
VisualStudioVersion = 17.5.33502.453
MinimumVisualStudioVersion = 10.0.40219.1
Project("{FAE04EC0-301F-11D3-BF4B-00C04F79EFBC}") = "app_Server", "app_Server.csproj", "{52F71C44-B5D2-4881-996A-503A7C2B492E}"
EndProject
Project("{FAE04EC0-301F-11D3-BF4B-00C04F79EFBC}") = "app_Client", "..\app_Client\app_Client.csproj", "{2BD21EB8-0FAF-4FFA-9701-7AEBE2EB0450}"
EndProject
Project("{FAE04EC0-301F-11D3-BF4B-00C04F79EFBC}") = "app_Models", "..\app_Models\app_Models.csproj", "{4159E52A-B8EE-42FF-BCEF-A1CC01C7F0BD}"
EndProject
Global
	GlobalSection(SolutionConfigurationPlatforms) = preSolution
		Debug|Any CPU = Debug|Any CPU
		Release|Any CPU = Release|Any CPU
	EndGlobalSection
	GlobalSection(ProjectConfigurationPlatforms) = postSolution
		{52F71C44-B5D2-4881-996A-503A7C2B492E}.Debug|Any CPU.ActiveCfg = Debug|Any CPU
		{52F71C44-B5D2-4881-996A-503A7C2B492E}.Debug|Any CPU.Build.0 = Debug|Any CPU
		{52F71C44-B5D2-4881-996A-503A7C2B492E}.Release|Any CPU.ActiveCfg = Release|Any CPU
		{52F71C44-B5D2-4881-996A-503A7C2B492E}.Release|Any CPU.Build.0 = Release|Any CPU
		{2BD21EB8-0FAF-4FFA-9701-7AEBE2EB0450}.Debug|Any CPU.ActiveCfg = Debug|Any CPU
		{2BD21EB8-0FAF-4FFA-9701-7AEBE2EB0450}.Debug|Any CPU.Build.0 = Debug|Any CPU
		{2BD21EB8-0FAF-4FFA-9701-7AEBE2EB0450}.Release|Any CPU.ActiveCfg = Release|Any CPU
		{2BD21EB8-0FAF-4FFA-9701-7AEBE2EB0450}.Release|Any CPU.Build.0 = Release|Any CPU
		{4159E52A-B8EE-42FF-BCEF-A1CC01C7F0BD}.Debug|Any CPU.ActiveCfg = Debug|Any CPU
		{4159E52A-B8EE-42FF-BCEF-A1CC01C7F0BD}.Debug|Any CPU.Build.0 = Debug|Any CPU
		{4159E52A-B8EE-42FF-BCEF-A1CC01C7F0BD}.Release|Any CPU.ActiveCfg = Release|Any CPU
		{4159E52A-B8EE-42FF-BCEF-A1CC01C7F0BD}.Release|Any CPU.Build.0 = Release|Any CPU
	EndGlobalSection
	GlobalSection(SolutionProperties) = preSolution
		HideSolutionNode = FALSE
	EndGlobalSection
	GlobalSection(ExtensibilityGlobals) = postSolution
		SolutionGuid = {EB300CC7-A666-4CD5-BD20-1EAD93D2FF4B}
	EndGlobalSection
EndGlobal
